
Microsoft Visual Studio Solution File, Format Version 12.00
# Visual Studio Version 17
VisualStudioVersion = 17.5.33516.290
MinimumVisualStudioVersion = 10.0.40219.1
Project("{FAE04EC0-301F-11D3-BF4B-00C04F79EFBC}") = "XamarinTest3VS2022", "XamarinTest3VS2022\XamarinTest3VS2022.csproj", "{514660A4-D440-46D6-9A37-F4F4557A1A87}"
EndProject
Global
	GlobalSection(SolutionConfigurationPlatforms) = preSolution
		Debug|Any CPU = Debug|Any CPU
		Release|Any CPU = Release|Any CPU
	EndGlobalSection
	GlobalSection(ProjectConfigurationPlatforms) = postSolution
		{514660A4-D440-46D6-9A37-F4F4557A1A87}.Debug|Any CPU.ActiveCfg = Debug|Any CPU
		{514660A4-D440-46D6-9A37-F4F4557A1A87}.Debug|Any CPU.Build.0 = Debug|Any CPU
		{514660A4-D440-46D6-9A37-F4F4557A1A87}.Debug|Any CPU.Deploy.0 = Debug|Any CPU
		{514660A4-D440-46D6-9A37-F4F4557A1A87}.Release|Any CPU.ActiveCfg = Release|Any CPU
		{514660A4-D440-46D6-9A37-F4F4557A1A87}.Release|Any CPU.Build.0 = Release|Any CPU
		{514660A4-D440-46D6-9A37-F4F4557A1A87}.Release|Any CPU.Deploy.0 = Release|Any CPU
	EndGlobalSection
	GlobalSection(SolutionProperties) = preSolution
		HideSolutionNode = FALSE
	EndGlobalSection
	GlobalSection(ExtensibilityGlobals) = postSolution
		SolutionGuid = {C5FAC1FA-2967-4369-B6B4-F04431581E21}
	EndGlobalSection
EndGlobal
